
Microsoft Visual Studio Solution File, Format Version 11.00
# Visual Studio 2010
Project("{FAE04EC0-301F-11D3-BF4B-00C04F79EFBC}") = "Testing3D", "Assembly-CSharp-firstpass.csproj", "{C2260E38-756D-DD32-F312-EB2B8444882C}"
EndProject
Project("{FAE04EC0-301F-11D3-BF4B-00C04F79EFBC}") = "Testing3D", "Assembly-CSharp.csproj", "{61DEF1D7-D394-A739-0021-461F59A9C1EC}"
EndProject
Project("{FAE04EC0-301F-11D3-BF4B-00C04F79EFBC}") = "Testing3D", "Assembly-CSharp-Editor-firstpass.csproj", "{4F580E42-27B2-6BDF-4FC1-591CB86D904F}"
EndProject
Global
	GlobalSection(SolutionConfigurationPlatforms) = preSolution
		Debug|Any CPU = Debug|Any CPU
		Release|Any CPU = Release|Any CPU
	EndGlobalSection
	GlobalSection(ProjectConfigurationPlatforms) = postSolution
		{C2260E38-756D-DD32-F312-EB2B8444882C}.Debug|Any CPU.ActiveCfg = Debug|Any CPU
		{C2260E38-756D-DD32-F312-EB2B8444882C}.Debug|Any CPU.Build.0 = Debug|Any CPU
		{C2260E38-756D-DD32-F312-EB2B8444882C}.Release|Any CPU.ActiveCfg = Release|Any CPU
		{C2260E38-756D-DD32-F312-EB2B8444882C}.Release|Any CPU.Build.0 = Release|Any CPU
		{61DEF1D7-D394-A739-0021-461F59A9C1EC}.Debug|Any CPU.ActiveCfg = Debug|Any CPU
		{61DEF1D7-D394-A739-0021-461F59A9C1EC}.Debug|Any CPU.Build.0 = Debug|Any CPU
		{61DEF1D7-D394-A739-0021-461F59A9C1EC}.Release|Any CPU.ActiveCfg = Release|Any CPU
		{61DEF1D7-D394-A739-0021-461F59A9C1EC}.Release|Any CPU.Build.0 = Release|Any CPU
		{4F580E42-27B2-6BDF-4FC1-591CB86D904F}.Debug|Any CPU.ActiveCfg = Debug|Any CPU
		{4F580E42-27B2-6BDF-4FC1-591CB86D904F}.Debug|Any CPU.Build.0 = Debug|Any CPU
		{4F580E42-27B2-6BDF-4FC1-591CB86D904F}.Release|Any CPU.ActiveCfg = Release|Any CPU
		{4F580E42-27B2-6BDF-4FC1-591CB86D904F}.Release|Any CPU.Build.0 = Release|Any CPU
	EndGlobalSection
	GlobalSection(SolutionProperties) = preSolution
		HideSolutionNode = FALSE
	EndGlobalSection
	GlobalSection(MonoDevelopProperties) = preSolution
		StartupItem = Assembly-CSharp.csproj
	EndGlobalSection
EndGlobal
